
Microsoft Visual Studio Solution File, Format Version 12.00
# Visual Studio Version 17
VisualStudioVersion = 17.5.002.0
MinimumVisualStudioVersion = 10.0.40219.1
Project("{9A19103F-16F7-4668-BE54-9A1E7A4F7556}") = "lab-1-5-console-commands-will-wescott", "lab-1-5-console-commands-will-wescott.csproj", "{A7C866F1-44D1-400F-BE06-462D99EBC841}"
EndProject
Global
	GlobalSection(SolutionConfigurationPlatforms) = preSolution
		Debug|Any CPU = Debug|Any CPU
		Release|Any CPU = Release|Any CPU
	EndGlobalSection
	GlobalSection(ProjectConfigurationPlatforms) = postSolution
		{A7C866F1-44D1-400F-BE06-462D99EBC841}.Debug|Any CPU.ActiveCfg = Debug|Any CPU
		{A7C866F1-44D1-400F-BE06-462D99EBC841}.Debug|Any CPU.Build.0 = Debug|Any CPU
		{A7C866F1-44D1-400F-BE06-462D99EBC841}.Release|Any CPU.ActiveCfg = Release|Any CPU
		{A7C866F1-44D1-400F-BE06-462D99EBC841}.Release|Any CPU.Build.0 = Release|Any CPU
	EndGlobalSection
	GlobalSection(SolutionProperties) = preSolution
		HideSolutionNode = FALSE
	EndGlobalSection
	GlobalSection(ExtensibilityGlobals) = postSolution
		SolutionGuid = {4AA4B6A8-F107-4054-91CC-9E7B6FAF9A4C}
	EndGlobalSection
EndGlobal
